
Microsoft Visual Studio Solution File, Format Version 12.00
# Visual Studio Version 16
VisualStudioVersion = 16.0.31515.178
MinimumVisualStudioVersion = 10.0.40219.1
Project("{2150E333-8FDC-42A3-9474-1A3956D46DE8}") = "Service", "Service", "{44F41587-5D45-4948-B97B-D8C34A834E32}"
EndProject
Project("{2150E333-8FDC-42A3-9474-1A3956D46DE8}") = "Shared Kernel", "Shared Kernel", "{18C06C2B-701A-42B7-840D-86AC0494C766}"
EndProject
Project("{2150E333-8FDC-42A3-9474-1A3956D46DE8}") = "Hospital Managment", "Hospital Managment", "{154FFFEC-2BD2-43E3-9C12-B91D92E099AF}"
EndProject
Project("{9A19103F-16F7-4668-BE54-9A1E7A4F7556}") = "HospitalMgt.Domain", "Services\Hospital Managment\Hospital_Mgt.Domain\HospitalMgt.Domain.csproj", "{CB4447AA-DFE1-424B-8927-890065A3FC68}"
EndProject
Project("{9A19103F-16F7-4668-BE54-9A1E7A4F7556}") = "HospitalMgt.Application", "Services\Hospital Managment\Hospital_Mgt.Application\HospitalMgt.Application.csproj", "{2B19D0B1-403A-45A5-B969-8AAF67A4E5E0}"
EndProject
Project("{9A19103F-16F7-4668-BE54-9A1E7A4F7556}") = "HospitalMgt.Infrastructure", "Services\Hospital Managment\HospitalMgt.Infrastructure\HospitalMgt.Infrastructure.csproj", "{70CC931D-7BAE-46B3-86E4-9DE6C8D81911}"
EndProject
Project("{9A19103F-16F7-4668-BE54-9A1E7A4F7556}") = "HospitalMgt.API", "Services\Hospital Managment\HospitalMgt.API\HospitalMgt.API.csproj", "{F44014A0-8C7C-411C-B063-F4A53AA864B0}"
EndProject
Project("{9A19103F-16F7-4668-BE54-9A1E7A4F7556}") = "EHR.SAS.Common", "EHR.SAS.Common\EHR.SAS.Common.csproj", "{35338CB7-2D8E-4C1C-B8F4-659101B41ADC}"
EndProject
Project("{E53339B2-1760-4266-BCC7-CA923CBCF16C}") = "docker-compose", "docker-compose.dcproj", "{4DAA1EB2-BB8E-42CB-A965-DEC95DEF3691}"
EndProject
Project("{2150E333-8FDC-42A3-9474-1A3956D46DE8}") = "Laboratory Information System", "Laboratory Information System", "{56710D48-520D-4FE1-9756-94240CDFBD92}"
EndProject
Project("{9A19103F-16F7-4668-BE54-9A1E7A4F7556}") = "LIS.API", "Services\Laboratory Information System\LIS.API\LIS.API.csproj", "{06F500F4-0DDE-4B4F-8321-FEC5ED581B0E}"
EndProject
Project("{9A19103F-16F7-4668-BE54-9A1E7A4F7556}") = "LIS.Infastructure", "Services\Laboratory Information System\LIS.Infastructure\LIS.Infastructure.csproj", "{D9B0007C-4257-493D-ADFA-CFC6C14F89E5}"
EndProject
Project("{9A19103F-16F7-4668-BE54-9A1E7A4F7556}") = "LIS.Service", "Services\Laboratory Information System\LIS.Service\LIS.Service.csproj", "{7B10D218-5A0C-4131-A464-290D4B5953E9}"
EndProject
Project("{2150E333-8FDC-42A3-9474-1A3956D46DE8}") = "Practitioner", "Practitioner", "{BFED3595-629F-4C0A-A270-6B5C03C2ABED}"
EndProject
Project("{9A19103F-16F7-4668-BE54-9A1E7A4F7556}") = "Practitioner.Command.API", "Services\Practitioner\Practitioner.API\Practitioner.Command.API.csproj", "{610726FF-B2F3-4CF0-951F-6080F460F186}"
EndProject
Project("{2150E333-8FDC-42A3-9474-1A3956D46DE8}") = "Billing System", "Billing System", "{FFD14CCE-3539-4273-B5EE-F1FAAD71F82A}"
EndProject
Project("{9A19103F-16F7-4668-BE54-9A1E7A4F7556}") = "Billing.API", "Services\Billing System\Billing.API\Billing.API.csproj", "{F5DDBE25-2737-48CD-A90A-546503711195}"
EndProject
Project("{9A19103F-16F7-4668-BE54-9A1E7A4F7556}") = "Billing.Service", "Services\Billing System\Billing.Service\Billing.Service.csproj", "{1DF4E54D-B5B8-4EE5-AC9C-088DC1E94FCC}"
EndProject
Project("{9A19103F-16F7-4668-BE54-9A1E7A4F7556}") = "Billing.Infastructure", "Services\Billing System\Billing.DataLayer\Billing.Infastructure.csproj", "{4FF5F42D-69E0-4E5E-867A-BBC3DD92D697}"
EndProject
Project("{9A19103F-16F7-4668-BE54-9A1E7A4F7556}") = "Practitioner.Domain", "Services\Practitioner\Practitioner.Domain\Practitioner.Domain.csproj", "{CD8BC0BB-EBAC-412B-8966-2703CAA84CEE}"
EndProject
Project("{9A19103F-16F7-4668-BE54-9A1E7A4F7556}") = "Practitioner.Application", "Services\Practitioner\Practitioner.Application\Practitioner.Application.csproj", "{5DA8BCFD-E45F-4E93-B71F-4A47492A828A}"
EndProject
Project("{9A19103F-16F7-4668-BE54-9A1E7A4F7556}") = "Practitioner.Infrastructure", "Services\Practitioner\Practitioner.Infrastructure\Practitioner.Infrastructure.csproj", "{67866900-EA75-4C40-B301-8FDAE730285B}"
EndProject
Project("{9A19103F-16F7-4668-BE54-9A1E7A4F7556}") = "Practitioner.Query.API", "Services\Practitioner\Practitioner.Query.API\Practitioner.Query.API.csproj", "{8CF262C4-8E0C-44CC-AB19-64DB538F1A28}"
EndProject
Project("{FAE04EC0-301F-11D3-BF4B-00C04F79EFBC}") = "LIS.Grpc", "Services\Laboratory Information System\LIS.Grpc\LIS.Grpc.csproj", "{9E6860E3-8455-4570-B952-8DC6ED71248C}"
EndProject
Global
	GlobalSection(SolutionConfigurationPlatforms) = preSolution
		Debug|Any CPU = Debug|Any CPU
		Release|Any CPU = Release|Any CPU
	EndGlobalSection
	GlobalSection(ProjectConfigurationPlatforms) = postSolution
		{CB4447AA-DFE1-424B-8927-890065A3FC68}.Debug|Any CPU.ActiveCfg = Debug|Any CPU
		{CB4447AA-DFE1-424B-8927-890065A3FC68}.Debug|Any CPU.Build.0 = Debug|Any CPU
		{CB4447AA-DFE1-424B-8927-890065A3FC68}.Release|Any CPU.ActiveCfg = Release|Any CPU
		{CB4447AA-DFE1-424B-8927-890065A3FC68}.Release|Any CPU.Build.0 = Release|Any CPU
		{2B19D0B1-403A-45A5-B969-8AAF67A4E5E0}.Debug|Any CPU.ActiveCfg = Debug|Any CPU
		{2B19D0B1-403A-45A5-B969-8AAF67A4E5E0}.Debug|Any CPU.Build.0 = Debug|Any CPU
		{2B19D0B1-403A-45A5-B969-8AAF67A4E5E0}.Release|Any CPU.ActiveCfg = Release|Any CPU
		{2B19D0B1-403A-45A5-B969-8AAF67A4E5E0}.Release|Any CPU.Build.0 = Release|Any CPU
		{70CC931D-7BAE-46B3-86E4-9DE6C8D81911}.Debug|Any CPU.ActiveCfg = Debug|Any CPU
		{70CC931D-7BAE-46B3-86E4-9DE6C8D81911}.Debug|Any CPU.Build.0 = Debug|Any CPU
		{70CC931D-7BAE-46B3-86E4-9DE6C8D81911}.Release|Any CPU.ActiveCfg = Release|Any CPU
		{70CC931D-7BAE-46B3-86E4-9DE6C8D81911}.Release|Any CPU.Build.0 = Release|Any CPU
		{F44014A0-8C7C-411C-B063-F4A53AA864B0}.Debug|Any CPU.ActiveCfg = Debug|Any CPU
		{F44014A0-8C7C-411C-B063-F4A53AA864B0}.Debug|Any CPU.Build.0 = Debug|Any CPU
		{F44014A0-8C7C-411C-B063-F4A53AA864B0}.Release|Any CPU.ActiveCfg = Release|Any CPU
		{F44014A0-8C7C-411C-B063-F4A53AA864B0}.Release|Any CPU.Build.0 = Release|Any CPU
		{35338CB7-2D8E-4C1C-B8F4-659101B41ADC}.Debug|Any CPU.ActiveCfg = Debug|Any CPU
		{35338CB7-2D8E-4C1C-B8F4-659101B41ADC}.Debug|Any CPU.Build.0 = Debug|Any CPU
		{35338CB7-2D8E-4C1C-B8F4-659101B41ADC}.Release|Any CPU.ActiveCfg = Release|Any CPU
		{35338CB7-2D8E-4C1C-B8F4-659101B41ADC}.Release|Any CPU.Build.0 = Release|Any CPU
		{4DAA1EB2-BB8E-42CB-A965-DEC95DEF3691}.Debug|Any CPU.ActiveCfg = Debug|Any CPU
		{4DAA1EB2-BB8E-42CB-A965-DEC95DEF3691}.Debug|Any CPU.Build.0 = Debug|Any CPU
		{4DAA1EB2-BB8E-42CB-A965-DEC95DEF3691}.Release|Any CPU.ActiveCfg = Release|Any CPU
		{4DAA1EB2-BB8E-42CB-A965-DEC95DEF3691}.Release|Any CPU.Build.0 = Release|Any CPU
		{06F500F4-0DDE-4B4F-8321-FEC5ED581B0E}.Debug|Any CPU.ActiveCfg = Debug|Any CPU
		{06F500F4-0DDE-4B4F-8321-FEC5ED581B0E}.Debug|Any CPU.Build.0 = Debug|Any CPU
		{06F500F4-0DDE-4B4F-8321-FEC5ED581B0E}.Release|Any CPU.ActiveCfg = Release|Any CPU
		{06F500F4-0DDE-4B4F-8321-FEC5ED581B0E}.Release|Any CPU.Build.0 = Release|Any CPU
		{D9B0007C-4257-493D-ADFA-CFC6C14F89E5}.Debug|Any CPU.ActiveCfg = Debug|Any CPU
		{D9B0007C-4257-493D-ADFA-CFC6C14F89E5}.Debug|Any CPU.Build.0 = Debug|Any CPU
		{D9B0007C-4257-493D-ADFA-CFC6C14F89E5}.Release|Any CPU.ActiveCfg = Release|Any CPU
		{D9B0007C-4257-493D-ADFA-CFC6C14F89E5}.Release|Any CPU.Build.0 = Release|Any CPU
		{7B10D218-5A0C-4131-A464-290D4B5953E9}.Debug|Any CPU.ActiveCfg = Debug|Any CPU
		{7B10D218-5A0C-4131-A464-290D4B5953E9}.Debug|Any CPU.Build.0 = Debug|Any CPU
		{7B10D218-5A0C-4131-A464-290D4B5953E9}.Release|Any CPU.ActiveCfg = Release|Any CPU
		{7B10D218-5A0C-4131-A464-290D4B5953E9}.Release|Any CPU.Build.0 = Release|Any CPU
		{610726FF-B2F3-4CF0-951F-6080F460F186}.Debug|Any CPU.ActiveCfg = Debug|Any CPU
		{610726FF-B2F3-4CF0-951F-6080F460F186}.Debug|Any CPU.Build.0 = Debug|Any CPU
		{610726FF-B2F3-4CF0-951F-6080F460F186}.Release|Any CPU.ActiveCfg = Release|Any CPU
		{610726FF-B2F3-4CF0-951F-6080F460F186}.Release|Any CPU.Build.0 = Release|Any CPU
		{F5DDBE25-2737-48CD-A90A-546503711195}.Debug|Any CPU.ActiveCfg = Debug|Any CPU
		{F5DDBE25-2737-48CD-A90A-546503711195}.Debug|Any CPU.Build.0 = Debug|Any CPU
		{F5DDBE25-2737-48CD-A90A-546503711195}.Release|Any CPU.ActiveCfg = Release|Any CPU
		{F5DDBE25-2737-48CD-A90A-546503711195}.Release|Any CPU.Build.0 = Release|Any CPU
		{1DF4E54D-B5B8-4EE5-AC9C-088DC1E94FCC}.Debug|Any CPU.ActiveCfg = Debug|Any CPU
		{1DF4E54D-B5B8-4EE5-AC9C-088DC1E94FCC}.Debug|Any CPU.Build.0 = Debug|Any CPU
		{1DF4E54D-B5B8-4EE5-AC9C-088DC1E94FCC}.Release|Any CPU.ActiveCfg = Release|Any CPU
		{1DF4E54D-B5B8-4EE5-AC9C-088DC1E94FCC}.Release|Any CPU.Build.0 = Release|Any CPU
		{4FF5F42D-69E0-4E5E-867A-BBC3DD92D697}.Debug|Any CPU.ActiveCfg = Debug|Any CPU
		{4FF5F42D-69E0-4E5E-867A-BBC3DD92D697}.Debug|Any CPU.Build.0 = Debug|Any CPU
		{4FF5F42D-69E0-4E5E-867A-BBC3DD92D697}.Release|Any CPU.ActiveCfg = Release|Any CPU
		{4FF5F42D-69E0-4E5E-867A-BBC3DD92D697}.Release|Any CPU.Build.0 = Release|Any CPU
		{CD8BC0BB-EBAC-412B-8966-2703CAA84CEE}.Debug|Any CPU.ActiveCfg = Debug|Any CPU
		{CD8BC0BB-EBAC-412B-8966-2703CAA84CEE}.Debug|Any CPU.Build.0 = Debug|Any CPU
		{CD8BC0BB-EBAC-412B-8966-2703CAA84CEE}.Release|Any CPU.ActiveCfg = Release|Any CPU
		{CD8BC0BB-EBAC-412B-8966-2703CAA84CEE}.Release|Any CPU.Build.0 = Release|Any CPU
		{5DA8BCFD-E45F-4E93-B71F-4A47492A828A}.Debug|Any CPU.ActiveCfg = Debug|Any CPU
		{5DA8BCFD-E45F-4E93-B71F-4A47492A828A}.Debug|Any CPU.Build.0 = Debug|Any CPU
		{5DA8BCFD-E45F-4E93-B71F-4A47492A828A}.Release|Any CPU.ActiveCfg = Release|Any CPU
		{5DA8BCFD-E45F-4E93-B71F-4A47492A828A}.Release|Any CPU.Build.0 = Release|Any CPU
		{67866900-EA75-4C40-B301-8FDAE730285B}.Debug|Any CPU.ActiveCfg = Debug|Any CPU
		{67866900-EA75-4C40-B301-8FDAE730285B}.Debug|Any CPU.Build.0 = Debug|Any CPU
		{67866900-EA75-4C40-B301-8FDAE730285B}.Release|Any CPU.ActiveCfg = Release|Any CPU
		{67866900-EA75-4C40-B301-8FDAE730285B}.Release|Any CPU.Build.0 = Release|Any CPU
		{8CF262C4-8E0C-44CC-AB19-64DB538F1A28}.Debug|Any CPU.ActiveCfg = Debug|Any CPU
		{8CF262C4-8E0C-44CC-AB19-64DB538F1A28}.Debug|Any CPU.Build.0 = Debug|Any CPU
		{8CF262C4-8E0C-44CC-AB19-64DB538F1A28}.Release|Any CPU.ActiveCfg = Release|Any CPU
		{8CF262C4-8E0C-44CC-AB19-64DB538F1A28}.Release|Any CPU.Build.0 = Release|Any CPU
		{9E6860E3-8455-4570-B952-8DC6ED71248C}.Debug|Any CPU.ActiveCfg = Debug|Any CPU
		{9E6860E3-8455-4570-B952-8DC6ED71248C}.Debug|Any CPU.Build.0 = Debug|Any CPU
		{9E6860E3-8455-4570-B952-8DC6ED71248C}.Release|Any CPU.ActiveCfg = Release|Any CPU
		{9E6860E3-8455-4570-B952-8DC6ED71248C}.Release|Any CPU.Build.0 = Release|Any CPU
	EndGlobalSection
	GlobalSection(SolutionProperties) = preSolution
		HideSolutionNode = FALSE
	EndGlobalSection
	GlobalSection(NestedProjects) = preSolution
		{154FFFEC-2BD2-43E3-9C12-B91D92E099AF} = {44F41587-5D45-4948-B97B-D8C34A834E32}
		{CB4447AA-DFE1-424B-8927-890065A3FC68} = {154FFFEC-2BD2-43E3-9C12-B91D92E099AF}
		{2B19D0B1-403A-45A5-B969-8AAF67A4E5E0} = {154FFFEC-2BD2-43E3-9C12-B91D92E099AF}
		{70CC931D-7BAE-46B3-86E4-9DE6C8D81911} = {154FFFEC-2BD2-43E3-9C12-B91D92E099AF}
		{F44014A0-8C7C-411C-B063-F4A53AA864B0} = {154FFFEC-2BD2-43E3-9C12-B91D92E099AF}
		{35338CB7-2D8E-4C1C-B8F4-659101B41ADC} = {18C06C2B-701A-42B7-840D-86AC0494C766}
		{56710D48-520D-4FE1-9756-94240CDFBD92} = {44F41587-5D45-4948-B97B-D8C34A834E32}
		{06F500F4-0DDE-4B4F-8321-FEC5ED581B0E} = {56710D48-520D-4FE1-9756-94240CDFBD92}
		{D9B0007C-4257-493D-ADFA-CFC6C14F89E5} = {56710D48-520D-4FE1-9756-94240CDFBD92}
		{7B10D218-5A0C-4131-A464-290D4B5953E9} = {56710D48-520D-4FE1-9756-94240CDFBD92}
		{BFED3595-629F-4C0A-A270-6B5C03C2ABED} = {44F41587-5D45-4948-B97B-D8C34A834E32}
		{610726FF-B2F3-4CF0-951F-6080F460F186} = {BFED3595-629F-4C0A-A270-6B5C03C2ABED}
		{FFD14CCE-3539-4273-B5EE-F1FAAD71F82A} = {44F41587-5D45-4948-B97B-D8C34A834E32}
		{F5DDBE25-2737-48CD-A90A-546503711195} = {FFD14CCE-3539-4273-B5EE-F1FAAD71F82A}
		{1DF4E54D-B5B8-4EE5-AC9C-088DC1E94FCC} = {FFD14CCE-3539-4273-B5EE-F1FAAD71F82A}
		{4FF5F42D-69E0-4E5E-867A-BBC3DD92D697} = {FFD14CCE-3539-4273-B5EE-F1FAAD71F82A}
		{CD8BC0BB-EBAC-412B-8966-2703CAA84CEE} = {BFED3595-629F-4C0A-A270-6B5C03C2ABED}
		{5DA8BCFD-E45F-4E93-B71F-4A47492A828A} = {BFED3595-629F-4C0A-A270-6B5C03C2ABED}
		{67866900-EA75-4C40-B301-8FDAE730285B} = {BFED3595-629F-4C0A-A270-6B5C03C2ABED}
		{8CF262C4-8E0C-44CC-AB19-64DB538F1A28} = {BFED3595-629F-4C0A-A270-6B5C03C2ABED}
		{9E6860E3-8455-4570-B952-8DC6ED71248C} = {56710D48-520D-4FE1-9756-94240CDFBD92}
	EndGlobalSection
	GlobalSection(ExtensibilityGlobals) = postSolution
		SolutionGuid = {071A311B-4C0B-4B72-9376-7730AFB85CAD}
	EndGlobalSection
EndGlobal
